
Microsoft Visual Studio Solution File, Format Version 12.00
# Visual Studio Version 17
VisualStudioVersion = 17.5.33502.453
MinimumVisualStudioVersion = 10.0.40219.1
Project("{8BC9CEB8-8B4A-11D0-8D11-00A0C91BC942}") = "ETS2_Arduino_ARGB_Plugin", "ETS2_Arduino_ARGB_Plugin\ETS2_Arduino_ARGB_Plugin.vcxproj", "{541791DA-FCC2-4358-BDD2-8B9340D91909}"
EndProject
Project("{8BC9CEB8-8B4A-11D0-8D11-00A0C91BC942}") = "ETS2_Telemetry_Reader", "ETS2_Telemetry_Reader\ETS2_Telemetry_Reader.vcxproj", "{61FCEB39-EC0A-43FC-8CFD-C7BED3F2B07C}"
EndProject
Project("{8BC9CEB8-8B4A-11D0-8D11-00A0C91BC942}") = "ETS2_Telemetry_GUI", "ETS2_Telemetry_GUI\ETS2_Telemetry_GUI.vcxproj", "{025F4C01-67FD-4DD6-A3AF-8D94A22897BA}"
EndProject
Global
	GlobalSection(SolutionConfigurationPlatforms) = preSolution
		Debug|Any CPU = Debug|Any CPU
		Debug|x64 = Debug|x64
		Debug|x86 = Debug|x86
		Release|Any CPU = Release|Any CPU
		Release|x64 = Release|x64
		Release|x86 = Release|x86
	EndGlobalSection
	GlobalSection(ProjectConfigurationPlatforms) = postSolution
		{541791DA-FCC2-4358-BDD2-8B9340D91909}.Debug|Any CPU.ActiveCfg = Debug|x64
		{541791DA-FCC2-4358-BDD2-8B9340D91909}.Debug|Any CPU.Build.0 = Debug|x64
		{541791DA-FCC2-4358-BDD2-8B9340D91909}.Debug|x64.ActiveCfg = Debug|x64
		{541791DA-FCC2-4358-BDD2-8B9340D91909}.Debug|x64.Build.0 = Debug|x64
		{541791DA-FCC2-4358-BDD2-8B9340D91909}.Debug|x86.ActiveCfg = Debug|Win32
		{541791DA-FCC2-4358-BDD2-8B9340D91909}.Debug|x86.Build.0 = Debug|Win32
		{541791DA-FCC2-4358-BDD2-8B9340D91909}.Release|Any CPU.ActiveCfg = Release|x64
		{541791DA-FCC2-4358-BDD2-8B9340D91909}.Release|Any CPU.Build.0 = Release|x64
		{541791DA-FCC2-4358-BDD2-8B9340D91909}.Release|x64.ActiveCfg = Release|x64
		{541791DA-FCC2-4358-BDD2-8B9340D91909}.Release|x64.Build.0 = Release|x64
		{541791DA-FCC2-4358-BDD2-8B9340D91909}.Release|x86.ActiveCfg = Release|Win32
		{541791DA-FCC2-4358-BDD2-8B9340D91909}.Release|x86.Build.0 = Release|Win32
		{61FCEB39-EC0A-43FC-8CFD-C7BED3F2B07C}.Debug|Any CPU.ActiveCfg = Debug|x64
		{61FCEB39-EC0A-43FC-8CFD-C7BED3F2B07C}.Debug|Any CPU.Build.0 = Debug|x64
		{61FCEB39-EC0A-43FC-8CFD-C7BED3F2B07C}.Debug|x64.ActiveCfg = Debug|x64
		{61FCEB39-EC0A-43FC-8CFD-C7BED3F2B07C}.Debug|x64.Build.0 = Debug|x64
		{61FCEB39-EC0A-43FC-8CFD-C7BED3F2B07C}.Debug|x86.ActiveCfg = Debug|Win32
		{61FCEB39-EC0A-43FC-8CFD-C7BED3F2B07C}.Debug|x86.Build.0 = Debug|Win32
		{61FCEB39-EC0A-43FC-8CFD-C7BED3F2B07C}.Release|Any CPU.ActiveCfg = Release|x64
		{61FCEB39-EC0A-43FC-8CFD-C7BED3F2B07C}.Release|Any CPU.Build.0 = Release|x64
		{61FCEB39-EC0A-43FC-8CFD-C7BED3F2B07C}.Release|x64.ActiveCfg = Release|x64
		{61FCEB39-EC0A-43FC-8CFD-C7BED3F2B07C}.Release|x64.Build.0 = Release|x64
		{61FCEB39-EC0A-43FC-8CFD-C7BED3F2B07C}.Release|x86.ActiveCfg = Release|Win32
		{61FCEB39-EC0A-43FC-8CFD-C7BED3F2B07C}.Release|x86.Build.0 = Release|Win32
		{025F4C01-67FD-4DD6-A3AF-8D94A22897BA}.Debug|Any CPU.ActiveCfg = Debug|x64
		{025F4C01-67FD-4DD6-A3AF-8D94A22897BA}.Debug|Any CPU.Build.0 = Debug|x64
		{025F4C01-67FD-4DD6-A3AF-8D94A22897BA}.Debug|x64.ActiveCfg = Debug|x64
		{025F4C01-67FD-4DD6-A3AF-8D94A22897BA}.Debug|x64.Build.0 = Debug|x64
		{025F4C01-67FD-4DD6-A3AF-8D94A22897BA}.Debug|x86.ActiveCfg = Debug|Win32
		{025F4C01-67FD-4DD6-A3AF-8D94A22897BA}.Debug|x86.Build.0 = Debug|Win32
		{025F4C01-67FD-4DD6-A3AF-8D94A22897BA}.Release|Any CPU.ActiveCfg = Release|x64
		{025F4C01-67FD-4DD6-A3AF-8D94A22897BA}.Release|Any CPU.Build.0 = Release|x64
		{025F4C01-67FD-4DD6-A3AF-8D94A22897BA}.Release|x64.ActiveCfg = Release|x64
		{025F4C01-67FD-4DD6-A3AF-8D94A22897BA}.Release|x64.Build.0 = Release|x64
		{025F4C01-67FD-4DD6-A3AF-8D94A22897BA}.Release|x86.ActiveCfg = Release|Win32
		{025F4C01-67FD-4DD6-A3AF-8D94A22897BA}.Release|x86.Build.0 = Release|Win32
	EndGlobalSection
	GlobalSection(SolutionProperties) = preSolution
		HideSolutionNode = FALSE
	EndGlobalSection
	GlobalSection(ExtensibilityGlobals) = postSolution
		SolutionGuid = {BB18BDF9-9C6C-4D1B-8B7D-415E50C1AA97}
	EndGlobalSection
EndGlobal
